{
  "object": {
    "pins": [
      {
        "package": "CwlCatchException",
        "repositoryURL": "https://github.com/mattgallagher/CwlCatchException.git",
        "state": {
          "branch": null,
          "revision": "07b2ba21d361c223e25e3c1e924288742923f08c",
          "version": "2.2.1"
        }
      },
      {
        "package": "CwlPreconditionTesting",
        "repositoryURL": "https://github.com/mattgallagher/CwlPreconditionTesting.git",
        "state": {
          "branch": null,
          "revision": "0139c665ebb45e6a9fbdb68aabfd7c39f3fe0071",
          "version": "2.2.2"
        }
      },
      {
        "package": "MockingKit",
        "repositoryURL": "https://github.com/danielsaidi/MockingKit.git",
        "state": {
          "branch": null,
          "revision": "a1096bb9b149b70147e6fb8294f720989edf72ae",
          "version": "1.5.0"
        }
      },
      {
        "package": "Nimble",
        "repositoryURL": "https://github.com/Quick/Nimble.git",
        "state": {
          "branch": null,
          "revision": "7a54aaf19a8ef16f67787c260fda81ead7ba4d67",
          "version": "9.0.1"
        }
      },
      {
        "package": "Quick",
        "repositoryURL": "https://github.com/Quick/Quick.git",
        "state": {
          "branch": null,
          "revision": "71c90eda2ab14b2110b22222d4b373163126561c",
          "version": "3.0.1"
        }
      }
    ]
  },
  "version": 1
}
